
Microsoft Visual Studio Solution File, Format Version 12.00
# Visual Studio Version 17
VisualStudioVersion = 17.4.33213.308
MinimumVisualStudioVersion = 10.0.40219.1
Project("{FAE04EC0-301F-11D3-BF4B-00C04F79EFBC}") = "12", "12\12.csproj", "{42F234F8-4F71-48E9-AACD-726EB3AF5272}"
EndProject
Global
	GlobalSection(SolutionConfigurationPlatforms) = preSolution
		Debug|Any CPU = Debug|Any CPU
		Release|Any CPU = Release|Any CPU
	EndGlobalSection
	GlobalSection(ProjectConfigurationPlatforms) = postSolution
		{42F234F8-4F71-48E9-AACD-726EB3AF5272}.Debug|Any CPU.ActiveCfg = Debug|Any CPU
		{42F234F8-4F71-48E9-AACD-726EB3AF5272}.Debug|Any CPU.Build.0 = Debug|Any CPU
		{42F234F8-4F71-48E9-AACD-726EB3AF5272}.Release|Any CPU.ActiveCfg = Release|Any CPU
		{42F234F8-4F71-48E9-AACD-726EB3AF5272}.Release|Any CPU.Build.0 = Release|Any CPU
	EndGlobalSection
	GlobalSection(SolutionProperties) = preSolution
		HideSolutionNode = FALSE
	EndGlobalSection
	GlobalSection(ExtensibilityGlobals) = postSolution
		SolutionGuid = {93DD2CE7-AA7A-440F-96C1-80E5A36500E5}
	EndGlobalSection
EndGlobal
