
Microsoft Visual Studio Solution File, Format Version 12.00
# Visual Studio Version 17
VisualStudioVersion = 17.4.33213.308
MinimumVisualStudioVersion = 10.0.40219.1
Project("{FAE04EC0-301F-11D3-BF4B-00C04F79EFBC}") = "5", "5\5.csproj", "{335E3B1E-43E8-4687-9605-7C182CB947B1}"
EndProject
Global
	GlobalSection(SolutionConfigurationPlatforms) = preSolution
		Debug|Any CPU = Debug|Any CPU
		Release|Any CPU = Release|Any CPU
	EndGlobalSection
	GlobalSection(ProjectConfigurationPlatforms) = postSolution
		{335E3B1E-43E8-4687-9605-7C182CB947B1}.Debug|Any CPU.ActiveCfg = Debug|Any CPU
		{335E3B1E-43E8-4687-9605-7C182CB947B1}.Debug|Any CPU.Build.0 = Debug|Any CPU
		{335E3B1E-43E8-4687-9605-7C182CB947B1}.Release|Any CPU.ActiveCfg = Release|Any CPU
		{335E3B1E-43E8-4687-9605-7C182CB947B1}.Release|Any CPU.Build.0 = Release|Any CPU
	EndGlobalSection
	GlobalSection(SolutionProperties) = preSolution
		HideSolutionNode = FALSE
	EndGlobalSection
	GlobalSection(ExtensibilityGlobals) = postSolution
		SolutionGuid = {CC1C3986-6CF1-4782-A9DE-9FE6B38B9CDF}
	EndGlobalSection
EndGlobal
